
Microsoft Visual Studio Solution File, Format Version 12.00
# Visual Studio 15
VisualStudioVersion = 15.0.27130.2010
MinimumVisualStudioVersion = 10.0.40219.1
Project("{FAE04EC0-301F-11D3-BF4B-00C04F79EFBC}") = "rectangle2", "rectangle2\rectangle2.csproj", "{F24C2A52-BF47-4015-A426-FF4FC87163A7}"
EndProject
Global
	GlobalSection(SolutionConfigurationPlatforms) = preSolution
		Debug|Any CPU = Debug|Any CPU
		Release|Any CPU = Release|Any CPU
	EndGlobalSection
	GlobalSection(ProjectConfigurationPlatforms) = postSolution
		{F24C2A52-BF47-4015-A426-FF4FC87163A7}.Debug|Any CPU.ActiveCfg = Debug|Any CPU
		{F24C2A52-BF47-4015-A426-FF4FC87163A7}.Debug|Any CPU.Build.0 = Debug|Any CPU
		{F24C2A52-BF47-4015-A426-FF4FC87163A7}.Release|Any CPU.ActiveCfg = Release|Any CPU
		{F24C2A52-BF47-4015-A426-FF4FC87163A7}.Release|Any CPU.Build.0 = Release|Any CPU
	EndGlobalSection
	GlobalSection(SolutionProperties) = preSolution
		HideSolutionNode = FALSE
	EndGlobalSection
	GlobalSection(ExtensibilityGlobals) = postSolution
		SolutionGuid = {00A37BFC-6BAF-4D1F-A02D-A7F8D5707358}
	EndGlobalSection
EndGlobal
