
Microsoft Visual Studio Solution File, Format Version 12.00
# Visual Studio 15
VisualStudioVersion = 15.0.27130.2010
MinimumVisualStudioVersion = 10.0.40219.1
Project("{FAE04EC0-301F-11D3-BF4B-00C04F79EFBC}") = "farman", "farman\farman.csproj", "{B16D04FC-7ABC-41ED-9A37-9720D36D4E61}"
EndProject
Global
	GlobalSection(SolutionConfigurationPlatforms) = preSolution
		Debug|Any CPU = Debug|Any CPU
		Release|Any CPU = Release|Any CPU
	EndGlobalSection
	GlobalSection(ProjectConfigurationPlatforms) = postSolution
		{B16D04FC-7ABC-41ED-9A37-9720D36D4E61}.Debug|Any CPU.ActiveCfg = Debug|Any CPU
		{B16D04FC-7ABC-41ED-9A37-9720D36D4E61}.Debug|Any CPU.Build.0 = Debug|Any CPU
		{B16D04FC-7ABC-41ED-9A37-9720D36D4E61}.Release|Any CPU.ActiveCfg = Release|Any CPU
		{B16D04FC-7ABC-41ED-9A37-9720D36D4E61}.Release|Any CPU.Build.0 = Release|Any CPU
	EndGlobalSection
	GlobalSection(SolutionProperties) = preSolution
		HideSolutionNode = FALSE
	EndGlobalSection
	GlobalSection(ExtensibilityGlobals) = postSolution
		SolutionGuid = {4BEC5D6B-517B-47C1-A43E-F324D2624388}
	EndGlobalSection
EndGlobal
